// !$*UTF8*$!
{
	archiveVersion = 1;
	classes = {
	};
	objectVersion = 50;
	objects = {

/* Begin PBXBuildFile section */
		103333DB27A386230090AF9E /* AppDelegate.swift in Sources */ = {isa = PBXBuildFile; fileRef = 103333DA27A386230090AF9E /* AppDelegate.swift */; };
		103333DD27A386230090AF9E /* SceneDelegate.swift in Sources */ = {isa = PBXBuildFile; fileRef = 103333DC27A386230090AF9E /* SceneDelegate.swift */; };
		103333DF27A386230090AF9E /* ContentView.swift in Sources */ = {isa = PBXBuildFile; fileRef = 103333DE27A386230090AF9E /* ContentView.swift */; };
		103333E127A386240090AF9E /* Assets.xcassets in Resources */ = {isa = PBXBuildFile; fileRef = 103333E027A386240090AF9E /* Assets.xcassets */; };
		103333E427A386240090AF9E /* Preview Assets.xcassets in Resources */ = {isa = PBXBuildFile; fileRef = 103333E327A386240090AF9E /* Preview Assets.xcassets */; };
		103333E727A386240090AF9E /* LaunchScreen.storyboard in Resources */ = {isa = PBXBuildFile; fileRef = 103333E527A386240090AF9E /* LaunchScreen.storyboard */; };
		103333F227A386240090AF9E /* SimpleRefactorAppTests.swift in Sources */ = {isa = PBXBuildFile; fileRef = 103333F127A386240090AF9E /* SimpleRefactorAppTests.swift */; };
		103333FD27A386240090AF9E /* SimpleRefactorAppUITests.swift in Sources */ = {isa = PBXBuildFile; fileRef = 103333FC27A386240090AF9E /* SimpleRefactorAppUITests.swift */; };
/* End PBXBuildFile section */

/* Begin PBXContainerItemProxy section */
		103333EE27A386240090AF9E /* PBXContainerItemProxy */ = {
			isa = PBXContainerItemProxy;
			containerPortal = 103333CF27A386230090AF9E /* Project object */;
			proxyType = 1;
			remoteGlobalIDString = 103333D627A386230090AF9E;
			remoteInfo = SimpleRefactorApp;
		};
		103333F927A386240090AF9E /* PBXContainerItemProxy */ = {
			isa = PBXContainerItemProxy;
			containerPortal = 103333CF27A386230090AF9E /* Project object */;
			proxyType = 1;
			remoteGlobalIDString = 103333D627A386230090AF9E;
			remoteInfo = SimpleRefactorApp;
		};
/* End PBXContainerItemProxy section */

/* Begin PBXFileReference section */
		103333D727A386230090AF9E /* SimpleRefactorApp.app */ = {isa = PBXFileReference; explicitFileType = wrapper.application; includeInIndex = 0; path = SimpleRefactorApp.app; sourceTree = BUILT_PRODUCTS_DIR; };
		103333DA27A386230090AF9E /* AppDelegate.swift */ = {isa = PBXFileReference; lastKnownFileType = sourcecode.swift; path = AppDelegate.swift; sourceTree = "<group>"; };
		103333DC27A386230090AF9E /* SceneDelegate.swift */ = {isa = PBXFileReference; lastKnownFileType = sourcecode.swift; path = SceneDelegate.swift; sourceTree = "<group>"; };
		103333DE27A386230090AF9E /* ContentView.swift */ = {isa = PBXFileReference; lastKnownFileType = sourcecode.swift; path = ContentView.swift; sourceTree = "<group>"; };
		103333E027A386240090AF9E /* Assets.xcassets */ = {isa = PBXFileReference; lastKnownFileType = folder.assetcatalog; path = Assets.xcassets; sourceTree = "<group>"; };
		103333E327A386240090AF9E /* Preview Assets.xcassets */ = {isa = PBXFileReference; lastKnownFileType = folder.assetcatalog; path = "Preview Assets.xcassets"; sourceTree = "<group>"; };
		103333E627A386240090AF9E /* Base */ = {isa = PBXFileReference; lastKnownFileType = file.storyboard; name = Base; path = Base.lproj/LaunchScreen.storyboard; sourceTree = "<group>"; };
		103333E827A386240090AF9E /* Info.plist */ = {isa = PBXFileReference; lastKnownFileType = text.plist.xml; path = Info.plist; sourceTree = "<group>"; };
		103333ED27A386240090AF9E /* SimpleRefactorAppTests.xctest */ = {isa = PBXFileReference; explicitFileType = wrapper.cfbundle; includeInIndex = 0; path = SimpleRefactorAppTests.xctest; sourceTree = BUILT_PRODUCTS_DIR; };
		103333F127A386240090AF9E /* SimpleRefactorAppTests.swift */ = {isa = PBXFileReference; lastKnownFileType = sourcecode.swift; path = SimpleRefactorAppTests.swift; sourceTree = "<group>"; };
		103333F327A386240090AF9E /* Info.plist */ = {isa = PBXFileReference; lastKnownFileType = text.plist.xml; path = Info.plist; sourceTree = "<group>"; };
		103333F827A386240090AF9E /* SimpleRefactorAppUITests.xctest */ = {isa = PBXFileReference; explicitFileType = wrapper.cfbundle; includeInIndex = 0; path = SimpleRefactorAppUITests.xctest; sourceTree = BUILT_PRODUCTS_DIR; };
		103333FC27A386240090AF9E /* SimpleRefactorAppUITests.swift */ = {isa = PBXFileReference; lastKnownFileType = sourcecode.swift; path = SimpleRefactorAppUITests.swift; sourceTree = "<group>"; };
		103333FE27A386240090AF9E /* Info.plist */ = {isa = PBXFileReference; lastKnownFileType = text.plist.xml; path = Info.plist; sourceTree = "<group>"; };
/* End PBXFileReference section */

/* Begin PBXFrameworksBuildPhase section */
		103333D427A386230090AF9E /* Frameworks */ = {
			isa = PBXFrameworksBuildPhase;
			buildActionMask = 2147483647;
			files = (
			);
			runOnlyForDeploymentPostprocessing = 0;
		};
		103333EA27A386240090AF9E /* Frameworks */ = {
			isa = PBXFrameworksBuildPhase;
			buildActionMask = 2147483647;
			files = (
			);
			runOnlyForDeploymentPostprocessing = 0;
		};
		103333F527A386240090AF9E /* Frameworks */ = {
			isa = PBXFrameworksBuildPhase;
			buildActionMask = 2147483647;
			files = (
			);
			runOnlyForDeploymentPostprocessing = 0;
		};
/* End PBXFrameworksBuildPhase section */

/* Begin PBXGroup section */
		103333CE27A386230090AF9E = {
			isa = PBXGroup;
			children = (
				103333D927A386230090AF9E /* SimpleRefactorApp */,
				103333F027A386240090AF9E /* SimpleRefactorAppTests */,
				103333FB27A386240090AF9E /* SimpleRefactorAppUITests */,
				103333D827A386230090AF9E /* Products */,
			);
			sourceTree = "<group>";
		};
		103333D827A386230090AF9E /* Products */ = {
			isa = PBXGroup;
			children = (
				103333D727A386230090AF9E /* SimpleRefactorApp.app */,
				103333ED27A386240090AF9E /* SimpleRefactorAppTests.xctest */,
				103333F827A386240090AF9E /* SimpleRefactorAppUITests.xctest */,
			);
			name = Products;
			sourceTree = "<group>";
		};
		103333D927A386230090AF9E /* SimpleRefactorApp */ = {
			isa = PBXGroup;
			children = (
				103333DA27A386230090AF9E /* AppDelegate.swift */,
				103333DC27A386230090AF9E /* SceneDelegate.swift */,
				103333DE27A386230090AF9E /* ContentView.swift */,
				103333E027A386240090AF9E /* Assets.xcassets */,
				103333E527A386240090AF9E /* LaunchScreen.storyboard */,
				103333E827A386240090AF9E /* Info.plist */,
				103333E227A386240090AF9E /* Preview Content */,
			);
			path = SimpleRefactorApp;
			sourceTree = "<group>";
		};
		103333E227A386240090AF9E /* Preview Content */ = {
			isa = PBXGroup;
			children = (
				103333E327A386240090AF9E /* Preview Assets.xcassets */,
			);
			path = "Preview Content";
			sourceTree = "<group>";
		};
		103333F027A386240090AF9E /* SimpleRefactorAppTests */ = {
			isa = PBXGroup;
			children = (
				103333F127A386240090AF9E /* SimpleRefactorAppTests.swift */,
				103333F327A386240090AF9E /* Info.plist */,
			);
			path = SimpleRefactorAppTests;
			sourceTree = "<group>";
		};
		103333FB27A386240090AF9E /* SimpleRefactorAppUITests */ = {
			isa = PBXGroup;
			children = (
				103333FC27A386240090AF9E /* SimpleRefactorAppUITests.swift */,
				103333FE27A386240090AF9E /* Info.plist */,
			);
			path = SimpleRefactorAppUITests;
			sourceTree = "<group>";
		};
/* End PBXGroup section */

/* Begin PBXNativeTarget section */
		103333D627A386230090AF9E /* SimpleRefactorApp */ = {
			isa = PBXNativeTarget;
			buildConfigurationList = 1033340127A386240090AF9E /* Build configuration list for PBXNativeTarget "SimpleRefactorApp" */;
			buildPhases = (
				103333D327A386230090AF9E /* Sources */,
				103333D427A386230090AF9E /* Frameworks */,
				103333D527A386230090AF9E /* Resources */,
			);
			buildRules = (
			);
			dependencies = (
			);
			name = SimpleRefactorApp;
			productName = SimpleRefactorApp;
			productReference = 103333D727A386230090AF9E /* SimpleRefactorApp.app */;
			productType = "com.apple.product-type.application";
		};
		103333EC27A386240090AF9E /* SimpleRefactorAppTests */ = {
			isa = PBXNativeTarget;
			buildConfigurationList = 1033340427A386240090AF9E /* Build configuration list for PBXNativeTarget "SimpleRefactorAppTests" */;
			buildPhases = (
				103333E927A386240090AF9E /* Sources */,
				103333EA27A386240090AF9E /* Frameworks */,
				103333EB27A386240090AF9E /* Resources */,
			);
			buildRules = (
			);
			dependencies = (
				103333EF27A386240090AF9E /* PBXTargetDependency */,
			);
			name = SimpleRefactorAppTests;
			productName = SimpleRefactorAppTests;
			productReference = 103333ED27A386240090AF9E /* SimpleRefactorAppTests.xctest */;
			productType = "com.apple.product-type.bundle.unit-test";
		};
		103333F727A386240090AF9E /* SimpleRefactorAppUITests */ = {
			isa = PBXNativeTarget;
			buildConfigurationList = 1033340727A386240090AF9E /* Build configuration list for PBXNativeTarget "SimpleRefactorAppUITests" */;
			buildPhases = (
				103333F427A386240090AF9E /* Sources */,
				103333F527A386240090AF9E /* Frameworks */,
				103333F627A386240090AF9E /* Resources */,
			);
			buildRules = (
			);
			dependencies = (
				103333FA27A386240090AF9E /* PBXTargetDependency */,
			);
			name = SimpleRefactorAppUITests;
			productName = SimpleRefactorAppUITests;
			productReference = 103333F827A386240090AF9E /* SimpleRefactorAppUITests.xctest */;
			productType = "com.apple.product-type.bundle.ui-testing";
		};
/* End PBXNativeTarget section */

/* Begin PBXProject section */
		103333CF27A386230090AF9E /* Project object */ = {
			isa = PBXProject;
			attributes = {
				LastSwiftUpdateCheck = 1250;
				LastUpgradeCheck = 1250;
				TargetAttributes = {
					103333D627A386230090AF9E = {
						CreatedOnToolsVersion = 12.5.1;
					};
					103333EC27A386240090AF9E = {
						CreatedOnToolsVersion = 12.5.1;
						TestTargetID = 103333D627A386230090AF9E;
					};
					103333F727A386240090AF9E = {
						CreatedOnToolsVersion = 12.5.1;
						TestTargetID = 103333D627A386230090AF9E;
					};
				};
			};
			buildConfigurationList = 103333D227A386230090AF9E /* Build configuration list for PBXProject "SimpleRefactorApp" */;
			compatibilityVersion = "Xcode 9.3";
			developmentRegion = en;
			hasScannedForEncodings = 0;
			knownRegions = (
				en,
				Base,
			);
			mainGroup = 103333CE27A386230090AF9E;
			productRefGroup = 103333D827A386230090AF9E /* Products */;
			projectDirPath = "";
			projectRoot = "";
			targets = (
				103333D627A386230090AF9E /* SimpleRefactorApp */,
				103333EC27A386240090AF9E /* SimpleRefactorAppTests */,
				103333F727A386240090AF9E /* SimpleRefactorAppUITests */,
			);
		};
/* End PBXProject section */

/* Begin PBXResourcesBuildPhase section */
		103333D527A386230090AF9E /* Resources */ = {
			isa = PBXResourcesBuildPhase;
			buildActionMask = 2147483647;
			files = (
				103333E727A386240090AF9E /* LaunchScreen.storyboard in Resources */,
				103333E427A386240090AF9E /* Preview Assets.xcassets in Resources */,
				103333E127A386240090AF9E /* Assets.xcassets in Resources */,
			);
			runOnlyForDeploymentPostprocessing = 0;
		};
		103333EB27A386240090AF9E /* Resources */ = {
			isa = PBXResourcesBuildPhase;
			buildActionMask = 2147483647;
			files = (
			);
			runOnlyForDeploymentPostprocessing = 0;
		};
		103333F627A386240090AF9E /* Resources */ = {
			isa = PBXResourcesBuildPhase;
			buildActionMask = 2147483647;
			files = (
			);
			runOnlyForDeploymentPostprocessing = 0;
		};
/* End PBXResourcesBuildPhase section */

/* Begin PBXSourcesBuildPhase section */
		103333D327A386230090AF9E /* Sources */ = {
			isa = PBXSourcesBuildPhase;
			buildActionMask = 2147483647;
			files = (
				103333DB27A386230090AF9E /* AppDelegate.swift in Sources */,
				103333DD27A386230090AF9E /* SceneDelegate.swift in Sources */,
				103333DF27A386230090AF9E /* ContentView.swift in Sources */,
			);
			runOnlyForDeploymentPostprocessing = 0;
		};
		103333E927A386240090AF9E /* Sources */ = {
			isa = PBXSourcesBuildPhase;
			buildActionMask = 2147483647;
			files = (
				103333F227A386240090AF9E /* SimpleRefactorAppTests.swift in Sources */,
			);
			runOnlyForDeploymentPostprocessing = 0;
		};
		103333F427A386240090AF9E /* Sources */ = {
			isa = PBXSourcesBuildPhase;
			buildActionMask = 2147483647;
			files = (
				103333FD27A386240090AF9E /* SimpleRefactorAppUITests.swift in Sources */,
			);
			runOnlyForDeploymentPostprocessing = 0;
		};
/* End PBXSourcesBuildPhase section */

/* Begin PBXTargetDependency section */
		103333EF27A386240090AF9E /* PBXTargetDependency */ = {
			isa = PBXTargetDependency;
			target = 103333D627A386230090AF9E /* SimpleRefactorApp */;
			targetProxy = 103333EE27A386240090AF9E /* PBXContainerItemProxy */;
		};
		103333FA27A386240090AF9E /* PBXTargetDependency */ = {
			isa = PBXTargetDependency;
			target = 103333D627A386230090AF9E /* SimpleRefactorApp */;
			targetProxy = 103333F927A386240090AF9E /* PBXContainerItemProxy */;
		};
/* End PBXTargetDependency section */

/* Begin PBXVariantGroup section */
		103333E527A386240090AF9E /* LaunchScreen.storyboard */ = {
			isa = PBXVariantGroup;
			children = (
				103333E627A386240090AF9E /* Base */,
			);
			name = LaunchScreen.storyboard;
			sourceTree = "<group>";
		};
/* End PBXVariantGroup section */

/* Begin XCBuildConfiguration section */
		103333FF27A386240090AF9E /* Debug */ = {
			isa = XCBuildConfiguration;
			buildSettings = {
				ALWAYS_SEARCH_USER_PATHS = NO;
				CLANG_ANALYZER_NONNULL = YES;
				CLANG_ANALYZER_NUMBER_OBJECT_CONVERSION = YES_AGGRESSIVE;
				CLANG_CXX_LANGUAGE_STANDARD = "gnu++14";
				CLANG_CXX_LIBRARY = "libc++";
				CLANG_ENABLE_MODULES = YES;
				CLANG_ENABLE_OBJC_ARC = YES;
				CLANG_ENABLE_OBJC_WEAK = YES;
				CLANG_WARN_BLOCK_CAPTURE_AUTORELEASING = YES;
				CLANG_WARN_BOOL_CONVERSION = YES;
				CLANG_WARN_COMMA = YES;
				CLANG_WARN_CONSTANT_CONVERSION = YES;
				CLANG_WARN_DEPRECATED_OBJC_IMPLEMENTATIONS = YES;
				CLANG_WARN_DIRECT_OBJC_ISA_USAGE = YES_ERROR;
				CLANG_WARN_DOCUMENTATION_COMMENTS = YES;
				CLANG_WARN_EMPTY_BODY = YES;
				CLANG_WARN_ENUM_CONVERSION = YES;
				CLANG_WARN_INFINITE_RECURSION = YES;
				CLANG_WARN_INT_CONVERSION = YES;
				CLANG_WARN_NON_LITERAL_NULL_CONVERSION = YES;
				CLANG_WARN_OBJC_IMPLICIT_RETAIN_SELF = YES;
				CLANG_WARN_OBJC_LITERAL_CONVERSION = YES;
				CLANG_WARN_OBJC_ROOT_CLASS = YES_ERROR;
				CLANG_WARN_QUOTED_INCLUDE_IN_FRAMEWORK_HEADER = YES;
				CLANG_WARN_RANGE_LOOP_ANALYSIS = YES;
				CLANG_WARN_STRICT_PROTOTYPES = YES;
				CLANG_WARN_SUSPICIOUS_MOVE = YES;
				CLANG_WARN_UNGUARDED_AVAILABILITY = YES_AGGRESSIVE;
				CLANG_WARN_UNREACHABLE_CODE = YES;
				CLANG_WARN__DUPLICATE_METHOD_MATCH = YES;
				COPY_PHASE_STRIP = NO;
				DEBUG_INFORMATION_FORMAT = dwarf;
				ENABLE_STRICT_OBJC_MSGSEND = YES;
				ENABLE_TESTABILITY = YES;
				GCC_C_LANGUAGE_STANDARD = gnu11;
				GCC_DYNAMIC_NO_PIC = NO;
				GCC_NO_COMMON_BLOCKS = YES;
				GCC_OPTIMIZATION_LEVEL = 0;
				GCC_PREPROCESSOR_DEFINITIONS = (
					"DEBUG=1",
					"$(inherited)",
				);
				GCC_WARN_64_TO_32_BIT_CONVERSION = YES;
				GCC_WARN_ABOUT_RETURN_TYPE = YES_ERROR;
				GCC_WARN_UNDECLARED_SELECTOR = YES;
				GCC_WARN_UNINITIALIZED_AUTOS = YES_AGGRESSIVE;
				GCC_WARN_UNUSED_FUNCTION = YES;
				GCC_WARN_UNUSED_VARIABLE = YES;
				IPHONEOS_DEPLOYMENT_TARGET = 14.5;
				MTL_ENABLE_DEBUG_INFO = INCLUDE_SOURCE;
				MTL_FAST_MATH = YES;
				ONLY_ACTIVE_ARCH = YES;
				SDKROOT = iphoneos;
				SWIFT_ACTIVE_COMPILATION_CONDITIONS = DEBUG;
				SWIFT_OPTIMIZATION_LEVEL = "-Onone";
			};
			name = Debug;
		};
		1033340027A386240090AF9E /* Release */ = {
			isa = XCBuildConfiguration;
			buildSettings = {
				ALWAYS_SEARCH_USER_PATHS = NO;
				CLANG_ANALYZER_NONNULL = YES;
				CLANG_ANALYZER_NUMBER_OBJECT_CONVERSION = YES_AGGRESSIVE;
				CLANG_CXX_LANGUAGE_STANDARD = "gnu++14";
				CLANG_CXX_LIBRARY = "libc++";
				CLANG_ENABLE_MODULES = YES;
				CLANG_ENABLE_OBJC_ARC = YES;
				CLANG_ENABLE_OBJC_WEAK = YES;
				CLANG_WARN_BLOCK_CAPTURE_AUTORELEASING = YES;
				CLANG_WARN_BOOL_CONVERSION = YES;
				CLANG_WARN_COMMA = YES;
				CLANG_WARN_CONSTANT_CONVERSION = YES;
				CLANG_WARN_DEPRECATED_OBJC_IMPLEMENTATIONS = YES;
				CLANG_WARN_DIRECT_OBJC_ISA_USAGE = YES_ERROR;
				CLANG_WARN_DOCUMENTATION_COMMENTS = YES;
				CLANG_WARN_EMPTY_BODY = YES;
				CLANG_WARN_ENUM_CONVERSION = YES;
				CLANG_WARN_INFINITE_RECURSION = YES;
				CLANG_WARN_INT_CONVERSION = YES;
				CLANG_WARN_NON_LITERAL_NULL_CONVERSION = YES;
				CLANG_WARN_OBJC_IMPLICIT_RETAIN_SELF = YES;
				CLANG_WARN_OBJC_LITERAL_CONVERSION = YES;
				CLANG_WARN_OBJC_ROOT_CLASS = YES_ERROR;
				CLANG_WARN_QUOTED_INCLUDE_IN_FRAMEWORK_HEADER = YES;
				CLANG_WARN_RANGE_LOOP_ANALYSIS = YES;
				CLANG_WARN_STRICT_PROTOTYPES = YES;
				CLANG_WARN_SUSPICIOUS_MOVE = YES;
				CLANG_WARN_UNGUARDED_AVAILABILITY = YES_AGGRESSIVE;
				CLANG_WARN_UNREACHABLE_CODE = YES;
				CLANG_WARN__DUPLICATE_METHOD_MATCH = YES;
				COPY_PHASE_STRIP = NO;
				DEBUG_INFORMATION_FORMAT = "dwarf-with-dsym";
				ENABLE_NS_ASSERTIONS = NO;
				ENABLE_STRICT_OBJC_MSGSEND = YES;
				GCC_C_LANGUAGE_STANDARD = gnu11;
				GCC_NO_COMMON_BLOCKS = YES;
				GCC_WARN_64_TO_32_BIT_CONVERSION = YES;
				GCC_WARN_ABOUT_RETURN_TYPE = YES_ERROR;
				GCC_WARN_UNDECLARED_SELECTOR = YES;
				GCC_WARN_UNINITIALIZED_AUTOS = YES_AGGRESSIVE;
				GCC_WARN_UNUSED_FUNCTION = YES;
				GCC_WARN_UNUSED_VARIABLE = YES;
				IPHONEOS_DEPLOYMENT_TARGET = 14.5;
				MTL_ENABLE_DEBUG_INFO = NO;
				MTL_FAST_MATH = YES;
				SDKROOT = iphoneos;
				SWIFT_COMPILATION_MODE = wholemodule;
				SWIFT_OPTIMIZATION_LEVEL = "-O";
				VALIDATE_PRODUCT = YES;
			};
			name = Release;
		};
		1033340227A386240090AF9E /* Debug */ = {
			isa = XCBuildConfiguration;
			buildSettings = {
				ASSETCATALOG_COMPILER_APPICON_NAME = AppIcon;
				ASSETCATALOG_COMPILER_GLOBAL_ACCENT_COLOR_NAME = AccentColor;
				CODE_SIGN_STYLE = Automatic;
				DEVELOPMENT_ASSET_PATHS = "\"SimpleRefactorApp/Preview Content\"";
				DEVELOPMENT_TEAM = 69FAF79796;
				ENABLE_PREVIEWS = YES;
				INFOPLIST_FILE = SimpleRefactorApp/Info.plist;
				LD_RUNPATH_SEARCH_PATHS = (
					"$(inherited)",
					"@executable_path/Frameworks",
				);
				PRODUCT_BUNDLE_IDENTIFIER = com.techchee.apps.tests.SimpleRefactorApp;
				PRODUCT_NAME = "$(TARGET_NAME)";
				SWIFT_VERSION = 5.0;
				TARGETED_DEVICE_FAMILY = "1,2";
			};
			name = Debug;
		};
		1033340327A386240090AF9E /* Release */ = {
			isa = XCBuildConfiguration;
			buildSettings = {
				ASSETCATALOG_COMPILER_APPICON_NAME = AppIcon;
				ASSETCATALOG_COMPILER_GLOBAL_ACCENT_COLOR_NAME = AccentColor;
				CODE_SIGN_STYLE = Automatic;
				DEVELOPMENT_ASSET_PATHS = "\"SimpleRefactorApp/Preview Content\"";
				DEVELOPMENT_TEAM = 69FAF79796;
				ENABLE_PREVIEWS = YES;
				INFOPLIST_FILE = SimpleRefactorApp/Info.plist;
				LD_RUNPATH_SEARCH_PATHS = (
					"$(inherited)",
					"@executable_path/Frameworks",
				);
				PRODUCT_BUNDLE_IDENTIFIER = com.techchee.apps.tests.SimpleRefactorApp;
				PRODUCT_NAME = "$(TARGET_NAME)";
				SWIFT_VERSION = 5.0;
				TARGETED_DEVICE_FAMILY = "1,2";
			};
			name = Release;
		};
		1033340527A386240090AF9E /* Debug */ = {
			isa = XCBuildConfiguration;
			buildSettings = {
				ALWAYS_EMBED_SWIFT_STANDARD_LIBRARIES = YES;
				BUNDLE_LOADER = "$(TEST_HOST)";
				CODE_SIGN_STYLE = Automatic;
				DEVELOPMENT_TEAM = 69FAF79796;
				INFOPLIST_FILE = SimpleRefactorAppTests/Info.plist;
				IPHONEOS_DEPLOYMENT_TARGET = 14.5;
				LD_RUNPATH_SEARCH_PATHS = (
					"$(inherited)",
					"@executable_path/Frameworks",
					"@loader_path/Frameworks",
				);
				PRODUCT_BUNDLE_IDENTIFIER = com.techchee.apps.tests.SimpleRefactorAppTests;
				PRODUCT_NAME = "$(TARGET_NAME)";
				SWIFT_VERSION = 5.0;
				TARGETED_DEVICE_FAMILY = "1,2";
				TEST_HOST = "$(BUILT_PRODUCTS_DIR)/SimpleRefactorApp.app/SimpleRefactorApp";
			};
			name = Debug;
		};
		1033340627A386240090AF9E /* Release */ = {
			isa = XCBuildConfiguration;
			buildSettings = {
				ALWAYS_EMBED_SWIFT_STANDARD_LIBRARIES = YES;
				BUNDLE_LOADER = "$(TEST_HOST)";
				CODE_SIGN_STYLE = Automatic;
				DEVELOPMENT_TEAM = 69FAF79796;
				INFOPLIST_FILE = SimpleRefactorAppTests/Info.plist;
				IPHONEOS_DEPLOYMENT_TARGET = 14.5;
				LD_RUNPATH_SEARCH_PATHS = (
					"$(inherited)",
					"@executable_path/Frameworks",
					"@loader_path/Frameworks",
				);
				PRODUCT_BUNDLE_IDENTIFIER = com.techchee.apps.tests.SimpleRefactorAppTests;
				PRODUCT_NAME = "$(TARGET_NAME)";
				SWIFT_VERSION = 5.0;
				TARGETED_DEVICE_FAMILY = "1,2";
				TEST_HOST = "$(BUILT_PRODUCTS_DIR)/SimpleRefactorApp.app/SimpleRefactorApp";
			};
			name = Release;
		};
		1033340827A386240090AF9E /* Debug */ = {
			isa = XCBuildConfiguration;
			buildSettings = {
				ALWAYS_EMBED_SWIFT_STANDARD_LIBRARIES = YES;
				CODE_SIGN_STYLE = Automatic;
				DEVELOPMENT_TEAM = 69FAF79796;
				INFOPLIST_FILE = SimpleRefactorAppUITests/Info.plist;
				LD_RUNPATH_SEARCH_PATHS = (
					"$(inherited)",
					"@executable_path/Frameworks",
					"@loader_path/Frameworks",
				);
				PRODUCT_BUNDLE_IDENTIFIER = com.techchee.apps.tests.SimpleRefactorAppUITests;
				PRODUCT_NAME = "$(TARGET_NAME)";
				SWIFT_VERSION = 5.0;
				TARGETED_DEVICE_FAMILY = "1,2";
				TEST_TARGET_NAME = SimpleRefactorApp;
			};
			name = Debug;
		};
		1033340927A386240090AF9E /* Release */ = {
			isa = XCBuildConfiguration;
			buildSettings = {
				ALWAYS_EMBED_SWIFT_STANDARD_LIBRARIES = YES;
				CODE_SIGN_STYLE = Automatic;
				DEVELOPMENT_TEAM = 69FAF79796;
				INFOPLIST_FILE = SimpleRefactorAppUITests/Info.plist;
				LD_RUNPATH_SEARCH_PATHS = (
					"$(inherited)",
					"@executable_path/Frameworks",
					"@loader_path/Frameworks",
				);
				PRODUCT_BUNDLE_IDENTIFIER = com.techchee.apps.tests.SimpleRefactorAppUITests;
				PRODUCT_NAME = "$(TARGET_NAME)";
				SWIFT_VERSION = 5.0;
				TARGETED_DEVICE_FAMILY = "1,2";
				TEST_TARGET_NAME = SimpleRefactorApp;
			};
			name = Release;
		};
/* End XCBuildConfiguration section */

/* Begin XCConfigurationList section */
		103333D227A386230090AF9E /* Build configuration list for PBXProject "SimpleRefactorApp" */ = {
			isa = XCConfigurationList;
			buildConfigurations = (
				103333FF27A386240090AF9E /* Debug */,
				1033340027A386240090AF9E /* Release */,
			);
			defaultConfigurationIsVisible = 0;
			defaultConfigurationName = Release;
		};
		1033340127A386240090AF9E /* Build configuration list for PBXNativeTarget "SimpleRefactorApp" */ = {
			isa = XCConfigurationList;
			buildConfigurations = (
				1033340227A386240090AF9E /* Debug */,
				1033340327A386240090AF9E /* Release */,
			);
			defaultConfigurationIsVisible = 0;
			defaultConfigurationName = Release;
		};
		1033340427A386240090AF9E /* Build configuration list for PBXNativeTarget "SimpleRefactorAppTests" */ = {
			isa = XCConfigurationList;
			buildConfigurations = (
				1033340527A386240090AF9E /* Debug */,
				1033340627A386240090AF9E /* Release */,
			);
			defaultConfigurationIsVisible = 0;
			defaultConfigurationName = Release;
		};
		1033340727A386240090AF9E /* Build configuration list for PBXNativeTarget "SimpleRefactorAppUITests" */ = {
			isa = XCConfigurationList;
			buildConfigurations = (
				1033340827A386240090AF9E /* Debug */,
				1033340927A386240090AF9E /* Release */,
			);
			defaultConfigurationIsVisible = 0;
			defaultConfigurationName = Release;
		};
/* End XCConfigurationList section */
	};
	rootObject = 103333CF27A386230090AF9E /* Project object */;
}
